
Microsoft Visual Studio Solution File, Format Version 12.00
# Visual Studio Version 16
VisualStudioVersion = 16.0.31129.286
MinimumVisualStudioVersion = 10.0.40219.1
Project("{9A19103F-16F7-4668-BE54-9A1E7A4F7556}") = "Distributionapi", "Distributionapi.csproj", "{57BC66B2-A77E-486C-A225-4C7964263DD3}"
EndProject
Project("{9A19103F-16F7-4668-BE54-9A1E7A4F7556}") = "DistributionConsole", "..\DistributionConsole\DistributionConsole.csproj", "{9E07798D-EA11-4174-BFAB-3B430A8ED843}"
EndProject
Project("{9A19103F-16F7-4668-BE54-9A1E7A4F7556}") = "DistributionCycleRunner", "..\DistributionCycleRunner\DistributionCycleRunner.csproj", "{E243E05F-8AB8-4831-8554-9EBCE544925A}"
EndProject
Global
	GlobalSection(SolutionConfigurationPlatforms) = preSolution
		Debug|Any CPU = Debug|Any CPU
		Release|Any CPU = Release|Any CPU
	EndGlobalSection
	GlobalSection(ProjectConfigurationPlatforms) = postSolution
		{57BC66B2-A77E-486C-A225-4C7964263DD3}.Debug|Any CPU.ActiveCfg = Debug|Any CPU
		{57BC66B2-A77E-486C-A225-4C7964263DD3}.Debug|Any CPU.Build.0 = Debug|Any CPU
		{57BC66B2-A77E-486C-A225-4C7964263DD3}.Release|Any CPU.ActiveCfg = Release|Any CPU
		{57BC66B2-A77E-486C-A225-4C7964263DD3}.Release|Any CPU.Build.0 = Release|Any CPU
		{9E07798D-EA11-4174-BFAB-3B430A8ED843}.Debug|Any CPU.ActiveCfg = Debug|Any CPU
		{9E07798D-EA11-4174-BFAB-3B430A8ED843}.Debug|Any CPU.Build.0 = Debug|Any CPU
		{9E07798D-EA11-4174-BFAB-3B430A8ED843}.Release|Any CPU.ActiveCfg = Release|Any CPU
		{9E07798D-EA11-4174-BFAB-3B430A8ED843}.Release|Any CPU.Build.0 = Release|Any CPU
		{E243E05F-8AB8-4831-8554-9EBCE544925A}.Debug|Any CPU.ActiveCfg = Debug|Any CPU
		{E243E05F-8AB8-4831-8554-9EBCE544925A}.Debug|Any CPU.Build.0 = Debug|Any CPU
		{E243E05F-8AB8-4831-8554-9EBCE544925A}.Release|Any CPU.ActiveCfg = Release|Any CPU
		{E243E05F-8AB8-4831-8554-9EBCE544925A}.Release|Any CPU.Build.0 = Release|Any CPU
	EndGlobalSection
	GlobalSection(SolutionProperties) = preSolution
		HideSolutionNode = FALSE
	EndGlobalSection
	GlobalSection(ExtensibilityGlobals) = postSolution
		SolutionGuid = {561D430C-229B-4C48-9722-44BA1D0994E6}
	EndGlobalSection
EndGlobal
